// !$*UTF8*$!
{
	archiveVersion = 1;
	classes = {
	};
	objectVersion = 77;
	objects = {

/* Begin PBXBuildFile section */
		2D0D95A52E16E0C900547E37 /* FirebaseAnalytics in Frameworks */ = {isa = PBXBuildFile; productRef = 2D0D95A42E16E0C900547E37 /* FirebaseAnalytics */; };
		2D0D95A72E16E0C900547E37 /* FirebaseAnalyticsWithoutAdIdSupport in Frameworks */ = {isa = PBXBuildFile; productRef = 2D0D95A62E16E0C900547E37 /* FirebaseAnalyticsWithoutAdIdSupport */; };
		8DB7C17233922C937093C011 /* Pods_SkilTalk.framework in Frameworks */ = {isa = PBXBuildFile; fileRef = 200E5336C0ABC3959CD2685E /* Pods_SkilTalk.framework */; };
/* End PBXBuildFile section */

/* Begin PBXContainerItemProxy section */
		2D0D95112E16D29D00547E37 /* PBXContainerItemProxy */ = {
			isa = PBXContainerItemProxy;
			containerPortal = 2D0D94FB2E16D29C00547E37 /* Project object */;
			proxyType = 1;
			remoteGlobalIDString = 2D0D95022E16D29C00547E37;
			remoteInfo = SkilTalk;
		};
		2D0D951B2E16D29D00547E37 /* PBXContainerItemProxy */ = {
			isa = PBXContainerItemProxy;
			containerPortal = 2D0D94FB2E16D29C00547E37 /* Project object */;
			proxyType = 1;
			remoteGlobalIDString = 2D0D95022E16D29C00547E37;
			remoteInfo = SkilTalk;
		};
/* End PBXContainerItemProxy section */

/* Begin PBXFileReference section */
		200E5336C0ABC3959CD2685E /* Pods_SkilTalk.framework */ = {isa = PBXFileReference; explicitFileType = wrapper.framework; includeInIndex = 0; path = Pods_SkilTalk.framework; sourceTree = BUILT_PRODUCTS_DIR; };
		2D0D95032E16D29C00547E37 /* SkilTalk.app */ = {isa = PBXFileReference; explicitFileType = wrapper.application; includeInIndex = 0; path = SkilTalk.app; sourceTree = BUILT_PRODUCTS_DIR; };
		2D0D95102E16D29D00547E37 /* SkilTalkTests.xctest */ = {isa = PBXFileReference; explicitFileType = wrapper.cfbundle; includeInIndex = 0; path = SkilTalkTests.xctest; sourceTree = BUILT_PRODUCTS_DIR; };
		2D0D951A2E16D29D00547E37 /* SkilTalkUITests.xctest */ = {isa = PBXFileReference; explicitFileType = wrapper.cfbundle; includeInIndex = 0; path = SkilTalkUITests.xctest; sourceTree = BUILT_PRODUCTS_DIR; };
		72E76132A3D5CC31C27FDB44 /* Pods-SkilTalk.debug.xcconfig */ = {isa = PBXFileReference; includeInIndex = 1; lastKnownFileType = text.xcconfig; name = "Pods-SkilTalk.debug.xcconfig"; path = "Target Support Files/Pods-SkilTalk/Pods-SkilTalk.debug.xcconfig"; sourceTree = "<group>"; };
		EC3DA1B8073E4CBB50F7A788 /* Pods-SkilTalk.release.xcconfig */ = {isa = PBXFileReference; includeInIndex = 1; lastKnownFileType = text.xcconfig; name = "Pods-SkilTalk.release.xcconfig"; path = "Target Support Files/Pods-SkilTalk/Pods-SkilTalk.release.xcconfig"; sourceTree = "<group>"; };
/* End PBXFileReference section */

/* Begin PBXFileSystemSynchronizedRootGroup section */
		2D0D95052E16D29C00547E37 /* SkilTalk */ = {
			isa = PBXFileSystemSynchronizedRootGroup;
			path = SkilTalk;
			sourceTree = "<group>";
		};
		2D0D95132E16D29D00547E37 /* SkilTalkTests */ = {
			isa = PBXFileSystemSynchronizedRootGroup;
			path = SkilTalkTests;
			sourceTree = "<group>";
		};
		2D0D951D2E16D29D00547E37 /* SkilTalkUITests */ = {
			isa = PBXFileSystemSynchronizedRootGroup;
			path = SkilTalkUITests;
			sourceTree = "<group>";
		};
/* End PBXFileSystemSynchronizedRootGroup section */

/* Begin PBXFrameworksBuildPhase section */
		2D0D95002E16D29C00547E37 /* Frameworks */ = {
			isa = PBXFrameworksBuildPhase;
			buildActionMask = 2147483647;
			files = (
				2D0D95A52E16E0C900547E37 /* FirebaseAnalytics in Frameworks */,
				2D0D95A72E16E0C900547E37 /* FirebaseAnalyticsWithoutAdIdSupport in Frameworks */,
				8DB7C17233922C937093C011 /* Pods_SkilTalk.framework in Frameworks */,
			);
			runOnlyForDeploymentPostprocessing = 0;
		};
		2D0D950D2E16D29D00547E37 /* Frameworks */ = {
			isa = PBXFrameworksBuildPhase;
			buildActionMask = 2147483647;
			files = (
			);
			runOnlyForDeploymentPostprocessing = 0;
		};
		2D0D95172E16D29D00547E37 /* Frameworks */ = {
			isa = PBXFrameworksBuildPhase;
			buildActionMask = 2147483647;
			files = (
			);
			runOnlyForDeploymentPostprocessing = 0;
		};
/* End PBXFrameworksBuildPhase section */

/* Begin PBXGroup section */
		2D0D94FA2E16D29C00547E37 = {
			isa = PBXGroup;
			children = (
				2D0D95052E16D29C00547E37 /* SkilTalk */,
				2D0D95132E16D29D00547E37 /* SkilTalkTests */,
				2D0D951D2E16D29D00547E37 /* SkilTalkUITests */,
				2D0D95042E16D29C00547E37 /* Products */,
				DE9A8ECCF9C2FC8F96F3F9BB /* Pods */,
				91D1840A55E263E53942D05E /* Frameworks */,
			);
			sourceTree = "<group>";
		};
		2D0D95042E16D29C00547E37 /* Products */ = {
			isa = PBXGroup;
			children = (
				2D0D95032E16D29C00547E37 /* SkilTalk.app */,
				2D0D95102E16D29D00547E37 /* SkilTalkTests.xctest */,
				2D0D951A2E16D29D00547E37 /* SkilTalkUITests.xctest */,
			);
			name = Products;
			sourceTree = "<group>";
		};
		91D1840A55E263E53942D05E /* Frameworks */ = {
			isa = PBXGroup;
			children = (
				200E5336C0ABC3959CD2685E /* Pods_SkilTalk.framework */,
			);
			name = Frameworks;
			sourceTree = "<group>";
		};
		DE9A8ECCF9C2FC8F96F3F9BB /* Pods */ = {
			isa = PBXGroup;
			children = (
				72E76132A3D5CC31C27FDB44 /* Pods-SkilTalk.debug.xcconfig */,
				EC3DA1B8073E4CBB50F7A788 /* Pods-SkilTalk.release.xcconfig */,
			);
			path = Pods;
			sourceTree = "<group>";
		};
/* End PBXGroup section */

/* Begin PBXNativeTarget section */
		2D0D95022E16D29C00547E37 /* SkilTalk */ = {
			isa = PBXNativeTarget;
			buildConfigurationList = 2D0D95242E16D29D00547E37 /* Build configuration list for PBXNativeTarget "SkilTalk" */;
			buildPhases = (
				C3373471A13AD73ABEAF84C7 /* [CP] Check Pods Manifest.lock */,
				2D0D94FF2E16D29C00547E37 /* Sources */,
				2D0D95002E16D29C00547E37 /* Frameworks */,
				2D0D95012E16D29C00547E37 /* Resources */,
				44A5B10F145A31D5B6995757 /* [CP] Embed Pods Frameworks */,
			);
			buildRules = (
			);
			dependencies = (
			);
			fileSystemSynchronizedGroups = (
				2D0D95052E16D29C00547E37 /* SkilTalk */,
			);
			name = SkilTalk;
			productName = SkilTalk;
			productReference = 2D0D95032E16D29C00547E37 /* SkilTalk.app */;
			productType = "com.apple.product-type.application";
		};
		2D0D950F2E16D29D00547E37 /* SkilTalkTests */ = {
			isa = PBXNativeTarget;
			buildConfigurationList = 2D0D95272E16D29D00547E37 /* Build configuration list for PBXNativeTarget "SkilTalkTests" */;
			buildPhases = (
				2D0D950C2E16D29D00547E37 /* Sources */,
				2D0D950D2E16D29D00547E37 /* Frameworks */,
				2D0D950E2E16D29D00547E37 /* Resources */,
			);
			buildRules = (
			);
			dependencies = (
				2D0D95122E16D29D00547E37 /* PBXTargetDependency */,
			);
			fileSystemSynchronizedGroups = (
				2D0D95132E16D29D00547E37 /* SkilTalkTests */,
			);
			name = SkilTalkTests;
			productName = SkilTalkTests;
			productReference = 2D0D95102E16D29D00547E37 /* SkilTalkTests.xctest */;
			productType = "com.apple.product-type.bundle.unit-test";
		};
		2D0D95192E16D29D00547E37 /* SkilTalkUITests */ = {
			isa = PBXNativeTarget;
			buildConfigurationList = 2D0D952A2E16D29D00547E37 /* Build configuration list for PBXNativeTarget "SkilTalkUITests" */;
			buildPhases = (
				2D0D95162E16D29D00547E37 /* Sources */,
				2D0D95172E16D29D00547E37 /* Frameworks */,
				2D0D95182E16D29D00547E37 /* Resources */,
			);
			buildRules = (
			);
			dependencies = (
				2D0D951C2E16D29D00547E37 /* PBXTargetDependency */,
			);
			fileSystemSynchronizedGroups = (
				2D0D951D2E16D29D00547E37 /* SkilTalkUITests */,
			);
			name = SkilTalkUITests;
			productName = SkilTalkUITests;
			productReference = 2D0D951A2E16D29D00547E37 /* SkilTalkUITests.xctest */;
			productType = "com.apple.product-type.bundle.ui-testing";
		};
/* End PBXNativeTarget section */

/* Begin PBXProject section */
		2D0D94FB2E16D29C00547E37 /* Project object */ = {
			isa = PBXProject;
			attributes = {
				BuildIndependentTargetsInParallel = 1;
				LastSwiftUpdateCheck = 1630;
				LastUpgradeCheck = 1630;
				TargetAttributes = {
					2D0D95022E16D29C00547E37 = {
						CreatedOnToolsVersion = 16.3;
					};
					2D0D950F2E16D29D00547E37 = {
						CreatedOnToolsVersion = 16.3;
						TestTargetID = 2D0D95022E16D29C00547E37;
					};
					2D0D95192E16D29D00547E37 = {
						CreatedOnToolsVersion = 16.3;
						TestTargetID = 2D0D95022E16D29C00547E37;
					};
				};
			};
			buildConfigurationList = 2D0D94FE2E16D29C00547E37 /* Build configuration list for PBXProject "SkilTalk" */;
			developmentRegion = en;
			hasScannedForEncodings = 0;
			knownRegions = (
				en,
				Base,
			);
			mainGroup = 2D0D94FA2E16D29C00547E37;
			minimizedProjectReferenceProxies = 1;
			packageReferences = (
				2D0D95A32E16E0C900547E37 /* XCRemoteSwiftPackageReference "firebase-ios-sdk" */,
			);
			preferredProjectObjectVersion = 77;
			productRefGroup = 2D0D95042E16D29C00547E37 /* Products */;
			projectDirPath = "";
			projectRoot = "";
			targets = (
				2D0D95022E16D29C00547E37 /* SkilTalk */,
				2D0D950F2E16D29D00547E37 /* SkilTalkTests */,
				2D0D95192E16D29D00547E37 /* SkilTalkUITests */,
			);
		};
/* End PBXProject section */

/* Begin PBXResourcesBuildPhase section */
		2D0D95012E16D29C00547E37 /* Resources */ = {
			isa = PBXResourcesBuildPhase;
			buildActionMask = 2147483647;
			files = (
			);
			runOnlyForDeploymentPostprocessing = 0;
		};
		2D0D950E2E16D29D00547E37 /* Resources */ = {
			isa = PBXResourcesBuildPhase;
			buildActionMask = 2147483647;
			files = (
			);
			runOnlyForDeploymentPostprocessing = 0;
		};
		2D0D95182E16D29D00547E37 /* Resources */ = {
			isa = PBXResourcesBuildPhase;
			buildActionMask = 2147483647;
			files = (
			);
			runOnlyForDeploymentPostprocessing = 0;
		};
/* End PBXResourcesBuildPhase section */

/* Begin PBXShellScriptBuildPhase section */
		44A5B10F145A31D5B6995757 /* [CP] Embed Pods Frameworks */ = {
			isa = PBXShellScriptBuildPhase;
			buildActionMask = 2147483647;
			files = (
			);
			inputFileListPaths = (
				"${PODS_ROOT}/Target Support Files/Pods-SkilTalk/Pods-SkilTalk-frameworks-${CONFIGURATION}-input-files.xcfilelist",
			);
			inputPaths = (
			);
			name = "[CP] Embed Pods Frameworks";
			outputFileListPaths = (
				"${PODS_ROOT}/Target Support Files/Pods-SkilTalk/Pods-SkilTalk-frameworks-${CONFIGURATION}-output-files.xcfilelist",
			);
			outputPaths = (
			);
			runOnlyForDeploymentPostprocessing = 0;
			shellPath = /bin/sh;
			shellScript = "\"${PODS_ROOT}/Target Support Files/Pods-SkilTalk/Pods-SkilTalk-frameworks.sh\"\n";
			showEnvVarsInLog = 0;
		};
		C3373471A13AD73ABEAF84C7 /* [CP] Check Pods Manifest.lock */ = {
			isa = PBXShellScriptBuildPhase;
			buildActionMask = 2147483647;
			files = (
			);
			inputFileListPaths = (
			);
			inputPaths = (
				"${PODS_PODFILE_DIR_PATH}/Podfile.lock",
				"${PODS_ROOT}/Manifest.lock",
			);
			name = "[CP] Check Pods Manifest.lock";
			outputFileListPaths = (
			);
			outputPaths = (
				"$(DERIVED_FILE_DIR)/Pods-SkilTalk-checkManifestLockResult.txt",
			);
			runOnlyForDeploymentPostprocessing = 0;
			shellPath = /bin/sh;
			shellScript = "diff \"${PODS_PODFILE_DIR_PATH}/Podfile.lock\" \"${PODS_ROOT}/Manifest.lock\" > /dev/null\nif [ $? != 0 ] ; then\n    # print error to STDERR\n    echo \"error: The sandbox is not in sync with the Podfile.lock. Run 'pod install' or update your CocoaPods installation.\" >&2\n    exit 1\nfi\n# This output is used by Xcode 'outputs' to avoid re-running this script phase.\necho \"SUCCESS\" > \"${SCRIPT_OUTPUT_FILE_0}\"\n";
			showEnvVarsInLog = 0;
		};
/* End PBXShellScriptBuildPhase section */

/* Begin PBXSourcesBuildPhase section */
		2D0D94FF2E16D29C00547E37 /* Sources */ = {
			isa = PBXSourcesBuildPhase;
			buildActionMask = 2147483647;
			files = (
			);
			runOnlyForDeploymentPostprocessing = 0;
		};
		2D0D950C2E16D29D00547E37 /* Sources */ = {
			isa = PBXSourcesBuildPhase;
			buildActionMask = 2147483647;
			files = (
			);
			runOnlyForDeploymentPostprocessing = 0;
		};
		2D0D95162E16D29D00547E37 /* Sources */ = {
			isa = PBXSourcesBuildPhase;
			buildActionMask = 2147483647;
			files = (
			);
			runOnlyForDeploymentPostprocessing = 0;
		};
/* End PBXSourcesBuildPhase section */

/* Begin PBXTargetDependency section */
		2D0D95122E16D29D00547E37 /* PBXTargetDependency */ = {
			isa = PBXTargetDependency;
			target = 2D0D95022E16D29C00547E37 /* SkilTalk */;
			targetProxy = 2D0D95112E16D29D00547E37 /* PBXContainerItemProxy */;
		};
		2D0D951C2E16D29D00547E37 /* PBXTargetDependency */ = {
			isa = PBXTargetDependency;
			target = 2D0D95022E16D29C00547E37 /* SkilTalk */;
			targetProxy = 2D0D951B2E16D29D00547E37 /* PBXContainerItemProxy */;
		};
/* End PBXTargetDependency section */

/* Begin XCBuildConfiguration section */
		2D0D95222E16D29D00547E37 /* Debug */ = {
			isa = XCBuildConfiguration;
			buildSettings = {
				ALWAYS_SEARCH_USER_PATHS = NO;
				ASSETCATALOG_COMPILER_GENERATE_SWIFT_ASSET_SYMBOL_EXTENSIONS = YES;
				CLANG_ANALYZER_NONNULL = YES;
				CLANG_ANALYZER_NUMBER_OBJECT_CONVERSION = YES_AGGRESSIVE;
				CLANG_CXX_LANGUAGE_STANDARD = "gnu++20";
				CLANG_ENABLE_MODULES = YES;
				CLANG_ENABLE_OBJC_ARC = YES;
				CLANG_ENABLE_OBJC_WEAK = YES;
				CLANG_WARN_BLOCK_CAPTURE_AUTORELEASING = YES;
				CLANG_WARN_BOOL_CONVERSION = YES;
				CLANG_WARN_COMMA = YES;
				CLANG_WARN_CONSTANT_CONVERSION = YES;
				CLANG_WARN_DEPRECATED_OBJC_IMPLEMENTATIONS = YES;
				CLANG_WARN_DIRECT_OBJC_ISA_USAGE = YES_ERROR;
				CLANG_WARN_DOCUMENTATION_COMMENTS = YES;
				CLANG_WARN_EMPTY_BODY = YES;
				CLANG_WARN_ENUM_CONVERSION = YES;
				CLANG_WARN_INFINITE_RECURSION = YES;
				CLANG_WARN_INT_CONVERSION = YES;
				CLANG_WARN_NON_LITERAL_NULL_CONVERSION = YES;
				CLANG_WARN_OBJC_IMPLICIT_RETAIN_SELF = YES;
				CLANG_WARN_OBJC_LITERAL_CONVERSION = YES;
				CLANG_WARN_OBJC_ROOT_CLASS = YES_ERROR;
				CLANG_WARN_QUOTED_INCLUDE_IN_FRAMEWORK_HEADER = YES;
				CLANG_WARN_RANGE_LOOP_ANALYSIS = YES;
				CLANG_WARN_STRICT_PROTOTYPES = YES;
				CLANG_WARN_SUSPICIOUS_MOVE = YES;
				CLANG_WARN_UNGUARDED_AVAILABILITY = YES_AGGRESSIVE;
				CLANG_WARN_UNREACHABLE_CODE = YES;
				CLANG_WARN__DUPLICATE_METHOD_MATCH = YES;
				COPY_PHASE_STRIP = NO;
				DEBUG_INFORMATION_FORMAT = dwarf;
				DEVELOPMENT_TEAM = LY6X246QKK;
				ENABLE_STRICT_OBJC_MSGSEND = YES;
				ENABLE_TESTABILITY = YES;
				ENABLE_USER_SCRIPT_SANDBOXING = YES;
				GCC_C_LANGUAGE_STANDARD = gnu17;
				GCC_DYNAMIC_NO_PIC = NO;
				GCC_NO_COMMON_BLOCKS = YES;
				GCC_OPTIMIZATION_LEVEL = 0;
				GCC_PREPROCESSOR_DEFINITIONS = (
					"DEBUG=1",
					"$(inherited)",
				);
				GCC_WARN_64_TO_32_BIT_CONVERSION = YES;
				GCC_WARN_ABOUT_RETURN_TYPE = YES_ERROR;
				GCC_WARN_UNDECLARED_SELECTOR = YES;
				GCC_WARN_UNINITIALIZED_AUTOS = YES_AGGRESSIVE;
				GCC_WARN_UNUSED_FUNCTION = YES;
				GCC_WARN_UNUSED_VARIABLE = YES;
				IPHONEOS_DEPLOYMENT_TARGET = 18.4;
				LOCALIZATION_PREFERS_STRING_CATALOGS = YES;
				MTL_ENABLE_DEBUG_INFO = INCLUDE_SOURCE;
				MTL_FAST_MATH = YES;
				ONLY_ACTIVE_ARCH = YES;
				SDKROOT = iphoneos;
				SWIFT_ACTIVE_COMPILATION_CONDITIONS = "DEBUG $(inherited)";
				SWIFT_OPTIMIZATION_LEVEL = "-Onone";
			};
			name = Debug;
		};
		2D0D95232E16D29D00547E37 /* Release */ = {
			isa = XCBuildConfiguration;
			buildSettings = {
				ALWAYS_SEARCH_USER_PATHS = NO;
				ASSETCATALOG_COMPILER_GENERATE_SWIFT_ASSET_SYMBOL_EXTENSIONS = YES;
				CLANG_ANALYZER_NONNULL = YES;
				CLANG_ANALYZER_NUMBER_OBJECT_CONVERSION = YES_AGGRESSIVE;
				CLANG_CXX_LANGUAGE_STANDARD = "gnu++20";
				CLANG_ENABLE_MODULES = YES;
				CLANG_ENABLE_OBJC_ARC = YES;
				CLANG_ENABLE_OBJC_WEAK = YES;
				CLANG_WARN_BLOCK_CAPTURE_AUTORELEASING = YES;
				CLANG_WARN_BOOL_CONVERSION = YES;
				CLANG_WARN_COMMA = YES;
				CLANG_WARN_CONSTANT_CONVERSION = YES;
				CLANG_WARN_DEPRECATED_OBJC_IMPLEMENTATIONS = YES;
				CLANG_WARN_DIRECT_OBJC_ISA_USAGE = YES_ERROR;
				CLANG_WARN_DOCUMENTATION_COMMENTS = YES;
				CLANG_WARN_EMPTY_BODY = YES;
				CLANG_WARN_ENUM_CONVERSION = YES;
				CLANG_WARN_INFINITE_RECURSION = YES;
				CLANG_WARN_INT_CONVERSION = YES;
				CLANG_WARN_NON_LITERAL_NULL_CONVERSION = YES;
				CLANG_WARN_OBJC_IMPLICIT_RETAIN_SELF = YES;
				CLANG_WARN_OBJC_LITERAL_CONVERSION = YES;
				CLANG_WARN_OBJC_ROOT_CLASS = YES_ERROR;
				CLANG_WARN_QUOTED_INCLUDE_IN_FRAMEWORK_HEADER = YES;
				CLANG_WARN_RANGE_LOOP_ANALYSIS = YES;
				CLANG_WARN_STRICT_PROTOTYPES = YES;
				CLANG_WARN_SUSPICIOUS_MOVE = YES;
				CLANG_WARN_UNGUARDED_AVAILABILITY = YES_AGGRESSIVE;
				CLANG_WARN_UNREACHABLE_CODE = YES;
				CLANG_WARN__DUPLICATE_METHOD_MATCH = YES;
				COPY_PHASE_STRIP = NO;
				DEBUG_INFORMATION_FORMAT = "dwarf-with-dsym";
				DEVELOPMENT_TEAM = LY6X246QKK;
				ENABLE_NS_ASSERTIONS = NO;
				ENABLE_STRICT_OBJC_MSGSEND = YES;
				ENABLE_USER_SCRIPT_SANDBOXING = YES;
				GCC_C_LANGUAGE_STANDARD = gnu17;
				GCC_NO_COMMON_BLOCKS = YES;
				GCC_WARN_64_TO_32_BIT_CONVERSION = YES;
				GCC_WARN_ABOUT_RETURN_TYPE = YES_ERROR;
				GCC_WARN_UNDECLARED_SELECTOR = YES;
				GCC_WARN_UNINITIALIZED_AUTOS = YES_AGGRESSIVE;
				GCC_WARN_UNUSED_FUNCTION = YES;
				GCC_WARN_UNUSED_VARIABLE = YES;
				IPHONEOS_DEPLOYMENT_TARGET = 18.4;
				LOCALIZATION_PREFERS_STRING_CATALOGS = YES;
				MTL_ENABLE_DEBUG_INFO = NO;
				MTL_FAST_MATH = YES;
				SDKROOT = iphoneos;
				SWIFT_COMPILATION_MODE = wholemodule;
				VALIDATE_PRODUCT = YES;
			};
			name = Release;
		};
		2D0D95252E16D29D00547E37 /* Debug */ = {
			isa = XCBuildConfiguration;
			baseConfigurationReference = 72E76132A3D5CC31C27FDB44 /* Pods-SkilTalk.debug.xcconfig */;
			buildSettings = {
				ASSETCATALOG_COMPILER_APPICON_NAME = AppIcon;
				ASSETCATALOG_COMPILER_GLOBAL_ACCENT_COLOR_NAME = AccentColor;
				CODE_SIGN_STYLE = Automatic;
				CURRENT_PROJECT_VERSION = 1;
				DEVELOPMENT_TEAM = LY6X246QKK;
				ENABLE_PREVIEWS = YES;
				GENERATE_INFOPLIST_FILE = YES;
				INFOPLIST_KEY_UIApplicationSceneManifest_Generation = YES;
				INFOPLIST_KEY_UIApplicationSupportsIndirectInputEvents = YES;
				INFOPLIST_KEY_UILaunchScreen_Generation = YES;
				INFOPLIST_KEY_UISupportedInterfaceOrientations_iPad = "UIInterfaceOrientationPortrait UIInterfaceOrientationPortraitUpsideDown UIInterfaceOrientationLandscapeLeft UIInterfaceOrientationLandscapeRight";
				INFOPLIST_KEY_UISupportedInterfaceOrientations_iPhone = "UIInterfaceOrientationPortrait UIInterfaceOrientationLandscapeLeft UIInterfaceOrientationLandscapeRight";
				LD_RUNPATH_SEARCH_PATHS = (
					"$(inherited)",
					"@executable_path/Frameworks",
				);
				MARKETING_VERSION = 1.0;
				PRODUCT_BUNDLE_IDENTIFIER = ST.swift.gemini;
				PRODUCT_NAME = "$(TARGET_NAME)";
				SWIFT_EMIT_LOC_STRINGS = YES;
				SWIFT_VERSION = 5.0;
				TARGETED_DEVICE_FAMILY = "1,2";
			};
			name = Debug;
		};
		2D0D95262E16D29D00547E37 /* Release */ = {
			isa = XCBuildConfiguration;
			baseConfigurationReference = EC3DA1B8073E4CBB50F7A788 /* Pods-SkilTalk.release.xcconfig */;
			buildSettings = {
				ASSETCATALOG_COMPILER_APPICON_NAME = AppIcon;
				ASSETCATALOG_COMPILER_GLOBAL_ACCENT_COLOR_NAME = AccentColor;
				CODE_SIGN_STYLE = Automatic;
				CURRENT_PROJECT_VERSION = 1;
				DEVELOPMENT_TEAM = LY6X246QKK;
				ENABLE_PREVIEWS = YES;
				GENERATE_INFOPLIST_FILE = YES;
				INFOPLIST_KEY_UIApplicationSceneManifest_Generation = YES;
				INFOPLIST_KEY_UIApplicationSupportsIndirectInputEvents = YES;
				INFOPLIST_KEY_UILaunchScreen_Generation = YES;
				INFOPLIST_KEY_UISupportedInterfaceOrientations_iPad = "UIInterfaceOrientationPortrait UIInterfaceOrientationPortraitUpsideDown UIInterfaceOrientationLandscapeLeft UIInterfaceOrientationLandscapeRight";
				INFOPLIST_KEY_UISupportedInterfaceOrientations_iPhone = "UIInterfaceOrientationPortrait UIInterfaceOrientationLandscapeLeft UIInterfaceOrientationLandscapeRight";
				LD_RUNPATH_SEARCH_PATHS = (
					"$(inherited)",
					"@executable_path/Frameworks",
				);
				MARKETING_VERSION = 1.0;
				PRODUCT_BUNDLE_IDENTIFIER = ST.swift.gemini;
				PRODUCT_NAME = "$(TARGET_NAME)";
				SWIFT_EMIT_LOC_STRINGS = YES;
				SWIFT_VERSION = 5.0;
				TARGETED_DEVICE_FAMILY = "1,2";
			};
			name = Release;
		};
		2D0D95282E16D29D00547E37 /* Debug */ = {
			isa = XCBuildConfiguration;
			buildSettings = {
				BUNDLE_LOADER = "$(TEST_HOST)";
				CODE_SIGN_STYLE = Automatic;
				CURRENT_PROJECT_VERSION = 1;
				DEVELOPMENT_TEAM = LY6X246QKK;
				GENERATE_INFOPLIST_FILE = YES;
				IPHONEOS_DEPLOYMENT_TARGET = 18.4;
				MARKETING_VERSION = 1.0;
				PRODUCT_BUNDLE_IDENTIFIER = ST.SkilTalkTests;
				PRODUCT_NAME = "$(TARGET_NAME)";
				SWIFT_EMIT_LOC_STRINGS = NO;
				SWIFT_VERSION = 5.0;
				TARGETED_DEVICE_FAMILY = "1,2";
				TEST_HOST = "$(BUILT_PRODUCTS_DIR)/SkilTalk.app/$(BUNDLE_EXECUTABLE_FOLDER_PATH)/SkilTalk";
			};
			name = Debug;
		};
		2D0D95292E16D29D00547E37 /* Release */ = {
			isa = XCBuildConfiguration;
			buildSettings = {
				BUNDLE_LOADER = "$(TEST_HOST)";
				CODE_SIGN_STYLE = Automatic;
				CURRENT_PROJECT_VERSION = 1;
				DEVELOPMENT_TEAM = LY6X246QKK;
				GENERATE_INFOPLIST_FILE = YES;
				IPHONEOS_DEPLOYMENT_TARGET = 18.4;
				MARKETING_VERSION = 1.0;
				PRODUCT_BUNDLE_IDENTIFIER = ST.SkilTalkTests;
				PRODUCT_NAME = "$(TARGET_NAME)";
				SWIFT_EMIT_LOC_STRINGS = NO;
				SWIFT_VERSION = 5.0;
				TARGETED_DEVICE_FAMILY = "1,2";
				TEST_HOST = "$(BUILT_PRODUCTS_DIR)/SkilTalk.app/$(BUNDLE_EXECUTABLE_FOLDER_PATH)/SkilTalk";
			};
			name = Release;
		};
		2D0D952B2E16D29D00547E37 /* Debug */ = {
			isa = XCBuildConfiguration;
			buildSettings = {
				CODE_SIGN_STYLE = Automatic;
				CURRENT_PROJECT_VERSION = 1;
				DEVELOPMENT_TEAM = LY6X246QKK;
				GENERATE_INFOPLIST_FILE = YES;
				MARKETING_VERSION = 1.0;
				PRODUCT_BUNDLE_IDENTIFIER = ST.SkilTalkUITests;
				PRODUCT_NAME = "$(TARGET_NAME)";
				SWIFT_EMIT_LOC_STRINGS = NO;
				SWIFT_VERSION = 5.0;
				TARGETED_DEVICE_FAMILY = "1,2";
				TEST_TARGET_NAME = SkilTalk;
			};
			name = Debug;
		};
		2D0D952C2E16D29D00547E37 /* Release */ = {
			isa = XCBuildConfiguration;
			buildSettings = {
				CODE_SIGN_STYLE = Automatic;
				CURRENT_PROJECT_VERSION = 1;
				DEVELOPMENT_TEAM = LY6X246QKK;
				GENERATE_INFOPLIST_FILE = YES;
				MARKETING_VERSION = 1.0;
				PRODUCT_BUNDLE_IDENTIFIER = ST.SkilTalkUITests;
				PRODUCT_NAME = "$(TARGET_NAME)";
				SWIFT_EMIT_LOC_STRINGS = NO;
				SWIFT_VERSION = 5.0;
				TARGETED_DEVICE_FAMILY = "1,2";
				TEST_TARGET_NAME = SkilTalk;
			};
			name = Release;
		};
/* End XCBuildConfiguration section */

/* Begin XCConfigurationList section */
		2D0D94FE2E16D29C00547E37 /* Build configuration list for PBXProject "SkilTalk" */ = {
			isa = XCConfigurationList;
			buildConfigurations = (
				2D0D95222E16D29D00547E37 /* Debug */,
				2D0D95232E16D29D00547E37 /* Release */,
			);
			defaultConfigurationIsVisible = 0;
			defaultConfigurationName = Release;
		};
		2D0D95242E16D29D00547E37 /* Build configuration list for PBXNativeTarget "SkilTalk" */ = {
			isa = XCConfigurationList;
			buildConfigurations = (
				2D0D95252E16D29D00547E37 /* Debug */,
				2D0D95262E16D29D00547E37 /* Release */,
			);
			defaultConfigurationIsVisible = 0;
			defaultConfigurationName = Release;
		};
		2D0D95272E16D29D00547E37 /* Build configuration list for PBXNativeTarget "SkilTalkTests" */ = {
			isa = XCConfigurationList;
			buildConfigurations = (
				2D0D95282E16D29D00547E37 /* Debug */,
				2D0D95292E16D29D00547E37 /* Release */,
			);
			defaultConfigurationIsVisible = 0;
			defaultConfigurationName = Release;
		};
		2D0D952A2E16D29D00547E37 /* Build configuration list for PBXNativeTarget "SkilTalkUITests" */ = {
			isa = XCConfigurationList;
			buildConfigurations = (
				2D0D952B2E16D29D00547E37 /* Debug */,
				2D0D952C2E16D29D00547E37 /* Release */,
			);
			defaultConfigurationIsVisible = 0;
			defaultConfigurationName = Release;
		};
/* End XCConfigurationList section */

/* Begin XCRemoteSwiftPackageReference section */
		2D0D95A32E16E0C900547E37 /* XCRemoteSwiftPackageReference "firebase-ios-sdk" */ = {
			isa = XCRemoteSwiftPackageReference;
			repositoryURL = "https://github.com/firebase/firebase-ios-sdk";
			requirement = {
				kind = upToNextMajorVersion;
				minimumVersion = 11.15.0;
			};
		};
/* End XCRemoteSwiftPackageReference section */

/* Begin XCSwiftPackageProductDependency section */
		2D0D95A42E16E0C900547E37 /* FirebaseAnalytics */ = {
			isa = XCSwiftPackageProductDependency;
			package = 2D0D95A32E16E0C900547E37 /* XCRemoteSwiftPackageReference "firebase-ios-sdk" */;
			productName = FirebaseAnalytics;
		};
		2D0D95A62E16E0C900547E37 /* FirebaseAnalyticsWithoutAdIdSupport */ = {
			isa = XCSwiftPackageProductDependency;
			package = 2D0D95A32E16E0C900547E37 /* XCRemoteSwiftPackageReference "firebase-ios-sdk" */;
			productName = FirebaseAnalyticsWithoutAdIdSupport;
		};
/* End XCSwiftPackageProductDependency section */
	};
	rootObject = 2D0D94FB2E16D29C00547E37 /* Project object */;
}
